
Microsoft Visual Studio Solution File, Format Version 12.00
# Visual Studio Version 17
VisualStudioVersion = 17.14.36203.30 d17.14
MinimumVisualStudioVersion = 10.0.40219.1
Project("{FAE04EC0-301F-11D3-BF4B-00C04F79EFBC}") = "RpnCalculator", "RpnCalculator.csproj", "{6E1C8541-8677-4FD4-BF3C-69017BF4AC35}"
EndProject
Global
	GlobalSection(SolutionConfigurationPlatforms) = preSolution
		Debug|Any CPU = Debug|Any CPU
		Release|Any CPU = Release|Any CPU
	EndGlobalSection
	GlobalSection(ProjectConfigurationPlatforms) = postSolution
		{6E1C8541-8677-4FD4-BF3C-69017BF4AC35}.Debug|Any CPU.ActiveCfg = Debug|Any CPU
		{6E1C8541-8677-4FD4-BF3C-69017BF4AC35}.Debug|Any CPU.Build.0 = Debug|Any CPU
		{6E1C8541-8677-4FD4-BF3C-69017BF4AC35}.Release|Any CPU.ActiveCfg = Release|Any CPU
		{6E1C8541-8677-4FD4-BF3C-69017BF4AC35}.Release|Any CPU.Build.0 = Release|Any CPU
	EndGlobalSection
	GlobalSection(SolutionProperties) = preSolution
		HideSolutionNode = FALSE
	EndGlobalSection
	GlobalSection(ExtensibilityGlobals) = postSolution
		SolutionGuid = {C378A079-29FF-4A47-B85D-5906052D4830}
	EndGlobalSection
EndGlobal
